
Microsoft Visual Studio Solution File, Format Version 12.00
# Visual Studio Version 17
VisualStudioVersion = 17.9.34714.143
MinimumVisualStudioVersion = 10.0.40219.1
Project("{FAE04EC0-301F-11D3-BF4B-00C04F79EFBC}") = "ImageManipulation.API", "ImageManipulation.API\ImageManipulation.API.csproj", "{A6F2364A-6D22-4ABF-990C-700CBA6D4006}"
EndProject
Project("{FAE04EC0-301F-11D3-BF4B-00C04F79EFBC}") = "ImageManipulation.Data", "ImageManipulation.Data\ImageManipulation.Data.csproj", "{DE9E1DAE-B26A-4CF1-A096-DB7D3821981D}"
EndProject
Global
	GlobalSection(SolutionConfigurationPlatforms) = preSolution
		Debug|Any CPU = Debug|Any CPU
		Release|Any CPU = Release|Any CPU
	EndGlobalSection
	GlobalSection(ProjectConfigurationPlatforms) = postSolution
		{A6F2364A-6D22-4ABF-990C-700CBA6D4006}.Debug|Any CPU.ActiveCfg = Debug|Any CPU
		{A6F2364A-6D22-4ABF-990C-700CBA6D4006}.Debug|Any CPU.Build.0 = Debug|Any CPU
		{A6F2364A-6D22-4ABF-990C-700CBA6D4006}.Release|Any CPU.ActiveCfg = Release|Any CPU
		{A6F2364A-6D22-4ABF-990C-700CBA6D4006}.Release|Any CPU.Build.0 = Release|Any CPU
		{DE9E1DAE-B26A-4CF1-A096-DB7D3821981D}.Debug|Any CPU.ActiveCfg = Debug|Any CPU
		{DE9E1DAE-B26A-4CF1-A096-DB7D3821981D}.Debug|Any CPU.Build.0 = Debug|Any CPU
		{DE9E1DAE-B26A-4CF1-A096-DB7D3821981D}.Release|Any CPU.ActiveCfg = Release|Any CPU
		{DE9E1DAE-B26A-4CF1-A096-DB7D3821981D}.Release|Any CPU.Build.0 = Release|Any CPU
	EndGlobalSection
	GlobalSection(SolutionProperties) = preSolution
		HideSolutionNode = FALSE
	EndGlobalSection
	GlobalSection(ExtensibilityGlobals) = postSolution
		SolutionGuid = {11C658FF-0EA4-4CBF-806C-F0AA2FBFD5AE}
	EndGlobalSection
EndGlobal
